
Microsoft Visual Studio Solution File, Format Version 12.00
# Visual Studio Version 17
VisualStudioVersion = 17.10.34928.147
MinimumVisualStudioVersion = 10.0.40219.1
Project("{FAE04EC0-301F-11D3-BF4B-00C04F79EFBC}") = "UMIASWPF", "UMIASWPF.csproj", "{D6CD6FB9-27CB-44E8-936E-D3EE0CD62DD3}"
EndProject
Project("{FAE04EC0-301F-11D3-BF4B-00C04F79EFBC}") = "BindingLibrary", "..\BindingLibrary\BindingLibrary.csproj", "{1BE1441D-1A40-4E8C-8425-B447437E218B}"
EndProject
Global
	GlobalSection(SolutionConfigurationPlatforms) = preSolution
		Debug|Any CPU = Debug|Any CPU
		Release|Any CPU = Release|Any CPU
	EndGlobalSection
	GlobalSection(ProjectConfigurationPlatforms) = postSolution
		{D6CD6FB9-27CB-44E8-936E-D3EE0CD62DD3}.Debug|Any CPU.ActiveCfg = Debug|Any CPU
		{D6CD6FB9-27CB-44E8-936E-D3EE0CD62DD3}.Debug|Any CPU.Build.0 = Debug|Any CPU
		{D6CD6FB9-27CB-44E8-936E-D3EE0CD62DD3}.Release|Any CPU.ActiveCfg = Release|Any CPU
		{D6CD6FB9-27CB-44E8-936E-D3EE0CD62DD3}.Release|Any CPU.Build.0 = Release|Any CPU
		{1BE1441D-1A40-4E8C-8425-B447437E218B}.Debug|Any CPU.ActiveCfg = Debug|Any CPU
		{1BE1441D-1A40-4E8C-8425-B447437E218B}.Debug|Any CPU.Build.0 = Debug|Any CPU
		{1BE1441D-1A40-4E8C-8425-B447437E218B}.Release|Any CPU.ActiveCfg = Release|Any CPU
		{1BE1441D-1A40-4E8C-8425-B447437E218B}.Release|Any CPU.Build.0 = Release|Any CPU
	EndGlobalSection
	GlobalSection(SolutionProperties) = preSolution
		HideSolutionNode = FALSE
	EndGlobalSection
	GlobalSection(ExtensibilityGlobals) = postSolution
		SolutionGuid = {4F7FD966-BFBF-440D-B54F-65A52D9D438D}
	EndGlobalSection
EndGlobal
